
Microsoft Visual Studio Solution File, Format Version 12.00
# Visual Studio 15
VisualStudioVersion = 15.0.27004.2009
MinimumVisualStudioVersion = 10.0.40219.1
Project("{9A19103F-16F7-4668-BE54-9A1E7A4F7556}") = "OnkoDiploma", "OnkoDiploma\OnkoDiploma.csproj", "{3907512B-29FA-4EF9-9DF3-62200787E84C}"
EndProject
Project("{FAE04EC0-301F-11D3-BF4B-00C04F79EFBC}") = "Onko.Core", "Onko.Core\Onko.Core.csproj", "{B20D6A42-4E9C-4BE5-8D64-CC916AA9B9D3}"
EndProject
Project("{FAE04EC0-301F-11D3-BF4B-00C04F79EFBC}") = "OnkoDiploma.Backend", "OnkoDiploma.Backend\OnkoDiploma.Backend.csproj", "{4DA289F7-9487-4E66-9AA4-C6FC19A8FEEA}"
EndProject
Global
	GlobalSection(SolutionConfigurationPlatforms) = preSolution
		Debug|Any CPU = Debug|Any CPU
		Release|Any CPU = Release|Any CPU
	EndGlobalSection
	GlobalSection(ProjectConfigurationPlatforms) = postSolution
		{3907512B-29FA-4EF9-9DF3-62200787E84C}.Debug|Any CPU.ActiveCfg = Debug|Any CPU
		{3907512B-29FA-4EF9-9DF3-62200787E84C}.Debug|Any CPU.Build.0 = Debug|Any CPU
		{3907512B-29FA-4EF9-9DF3-62200787E84C}.Release|Any CPU.ActiveCfg = Release|Any CPU
		{3907512B-29FA-4EF9-9DF3-62200787E84C}.Release|Any CPU.Build.0 = Release|Any CPU
		{B20D6A42-4E9C-4BE5-8D64-CC916AA9B9D3}.Debug|Any CPU.ActiveCfg = Debug|Any CPU
		{B20D6A42-4E9C-4BE5-8D64-CC916AA9B9D3}.Debug|Any CPU.Build.0 = Debug|Any CPU
		{B20D6A42-4E9C-4BE5-8D64-CC916AA9B9D3}.Release|Any CPU.ActiveCfg = Release|Any CPU
		{B20D6A42-4E9C-4BE5-8D64-CC916AA9B9D3}.Release|Any CPU.Build.0 = Release|Any CPU
		{4DA289F7-9487-4E66-9AA4-C6FC19A8FEEA}.Debug|Any CPU.ActiveCfg = Debug|Any CPU
		{4DA289F7-9487-4E66-9AA4-C6FC19A8FEEA}.Debug|Any CPU.Build.0 = Debug|Any CPU
		{4DA289F7-9487-4E66-9AA4-C6FC19A8FEEA}.Release|Any CPU.ActiveCfg = Release|Any CPU
		{4DA289F7-9487-4E66-9AA4-C6FC19A8FEEA}.Release|Any CPU.Build.0 = Release|Any CPU
	EndGlobalSection
	GlobalSection(SolutionProperties) = preSolution
		HideSolutionNode = FALSE
	EndGlobalSection
	GlobalSection(ExtensibilityGlobals) = postSolution
		SolutionGuid = {C4F5DE0E-3032-4721-B04A-D8E4CBE6DFE1}
	EndGlobalSection
EndGlobal
